github.com/davecgh/go-spew v1.1.0/go.mod h1:J7Y8YcW2NihsgmVo/mv3lAwl/skON4iLHjSsI+c5H38=
github.com/gosuri/uilive v0.0.0-20170323041506-ac356e6e42cd/go.mod h1:qkLSc0A5EXSP6B04TrN4oQoxqFI7A8XvoXSlJi8cwk8=
github.com/gosuri/uiprogress v0.0.0-20170224063937-d0567a9d84a1/go.mod h1:C1RTYn4Sc7iEyf6j8ft5dyoZ4212h8G1ol9QQluh5+0=
github.com/mgr9525/go-sdl2 v0.3.3 h1:0A5XIK4Ih4DnmvZmupMPRpBt+dK47tbtSTAImdFhun4=
github.com/mgr9525/go-sdl2 v0.4.0-rc.0.0.20191018013053-5472e8a1f3a1 h1:XNNy8SQxN5zaBzzBRo3mUwKBOIapqavn52CpcVpXAks=
github.com/mgr9525/go-sdl2 v0.4.0-rc.0.0.20191018013053-5472e8a1f3a1/go.mod h1:h2uiZtP+Nfk5RQmYd9X1N1oj3nio3v1s1QKbXuvDosQ=
github.com/mgr9525/goav v0.1.1-0.20191017103941-d0a77caaf022 h1:NncMlj+5AJS5Lw15qy78JPCJ1mUe/Dan2I2BOpRngdM=
github.com/mgr9525/goav v0.1.1-0.20191017103941-d0a77caaf022/go.mod h1:+jCETnIrJwwL0yfLe1UJ3Tj2deT4Pk3tBTb+gLaiNtY=
github.com/pmezard/go-difflib v1.0.0/go.mod h1:iKH77koFhYxTK1pcRnkKkqfTogsbg7gZNVY4sRDYZ/4=
github.com/stretchr/objx v0.1.0/go.mod h1:HFkY916IF+rwdDfMAkV7OtwuqBVzrE8GR6GFx+wExME=
github.com/stretchr/testify v1.4.0/go.mod h1:j7eGeouHqKxXV5pUuKE4zz7dFj8WfuZ+81PSLYec5m4=
gopkg.in/check.v1 v0.0.0-20161208181325-20d25e280405/go.mod h1:Co6ibVJAznAaIkqp8huTwlJQCZ016jof/cbN4VW5Yz0=
gopkg.in/yaml.v2 v2.2.2/go.mod h1:hI93XBmqTisBFMUTm0b8Fm+jr3Dg1NNxqwp+5A1VGuI=
